
Microsoft Visual Studio Solution File, Format Version 12.00
# Visual Studio Version 16
VisualStudioVersion = 16.0.30320.27
MinimumVisualStudioVersion = 10.0.40219.1
Project("{9A19103F-16F7-4668-BE54-9A1E7A4F7556}") = "DiscountCalculator", "DiscountCalculator\DiscountCalculator.csproj", "{EECFA015-F1DB-47F7-ABF4-1F93790103E4}"
EndProject
Project("{FAE04EC0-301F-11D3-BF4B-00C04F79EFBC}") = "SalaryDiscountCalculatorWeb", "SalaryDiscountCalculatorWeb\SalaryDiscountCalculatorWeb.csproj", "{E5B9E9E3-BA54-4142-B168-7828F18C6CC4}"
EndProject
Global
	GlobalSection(SolutionConfigurationPlatforms) = preSolution
		Debug|Any CPU = Debug|Any CPU
		Release|Any CPU = Release|Any CPU
	EndGlobalSection
	GlobalSection(ProjectConfigurationPlatforms) = postSolution
		{EECFA015-F1DB-47F7-ABF4-1F93790103E4}.Debug|Any CPU.ActiveCfg = Debug|Any CPU
		{EECFA015-F1DB-47F7-ABF4-1F93790103E4}.Debug|Any CPU.Build.0 = Debug|Any CPU
		{EECFA015-F1DB-47F7-ABF4-1F93790103E4}.Release|Any CPU.ActiveCfg = Release|Any CPU
		{EECFA015-F1DB-47F7-ABF4-1F93790103E4}.Release|Any CPU.Build.0 = Release|Any CPU
		{E5B9E9E3-BA54-4142-B168-7828F18C6CC4}.Debug|Any CPU.ActiveCfg = Debug|Any CPU
		{E5B9E9E3-BA54-4142-B168-7828F18C6CC4}.Debug|Any CPU.Build.0 = Debug|Any CPU
		{E5B9E9E3-BA54-4142-B168-7828F18C6CC4}.Release|Any CPU.ActiveCfg = Release|Any CPU
		{E5B9E9E3-BA54-4142-B168-7828F18C6CC4}.Release|Any CPU.Build.0 = Release|Any CPU
	EndGlobalSection
	GlobalSection(SolutionProperties) = preSolution
		HideSolutionNode = FALSE
	EndGlobalSection
	GlobalSection(ExtensibilityGlobals) = postSolution
		SolutionGuid = {C3BBCFF3-5050-4F91-AC6D-0D42751F87C3}
	EndGlobalSection
EndGlobal
